// !$*UTF8*$!
{
	archiveVersion = 1;
	classes = {
	};
	objectVersion = 46;
	objects = {

/* Begin PBXBuildFile section */
		136FA18A1BFBCBDC0086F545 /* BaseScene.swift in Sources */ = {isa = PBXBuildFile; fileRef = 136FA1891BFBCBDC0086F545 /* BaseScene.swift */; };
		13907E4E1C62BA1D009FC199 /* TileStates.swift in Sources */ = {isa = PBXBuildFile; fileRef = 13907E4D1C62BA1D009FC199 /* TileStates.swift */; };
		13A5F5CC1C0A464B0013D478 /* Grey Tile.png in Resources */ = {isa = PBXBuildFile; fileRef = 13A5F5CB1C0A464B0013D478 /* Grey Tile.png */; };
		13A5F5CE1C0A587F0013D478 /* GameScene.sks in Resources */ = {isa = PBXBuildFile; fileRef = 13A5F5CD1C0A587F0013D478 /* GameScene.sks */; };
		13B223011C6407D300567B0E /* Game.swift in Sources */ = {isa = PBXBuildFile; fileRef = 13B223001C6407D300567B0E /* Game.swift */; };
		13B6A1B41C255C940087649C /* Tile.swift in Sources */ = {isa = PBXBuildFile; fileRef = 13B6A1B31C255C940087649C /* Tile.swift */; };
		13B6A1B61C255D8E0087649C /* SpriteComponent.swift in Sources */ = {isa = PBXBuildFile; fileRef = 13B6A1B51C255D8E0087649C /* SpriteComponent.swift */; };
		13C765301BF61B2D00AC0223 /* AppDelegate.swift in Sources */ = {isa = PBXBuildFile; fileRef = 13C7652F1BF61B2D00AC0223 /* AppDelegate.swift */; };
		13C765341BF61B2D00AC0223 /* GameScene.swift in Sources */ = {isa = PBXBuildFile; fileRef = 13C765331BF61B2D00AC0223 /* GameScene.swift */; };
		13C765361BF61B2D00AC0223 /* GameViewController.swift in Sources */ = {isa = PBXBuildFile; fileRef = 13C765351BF61B2D00AC0223 /* GameViewController.swift */; };
		13C765391BF61B2D00AC0223 /* Main.storyboard in Resources */ = {isa = PBXBuildFile; fileRef = 13C765371BF61B2D00AC0223 /* Main.storyboard */; };
		13C7653B1BF61B2D00AC0223 /* Assets.xcassets in Resources */ = {isa = PBXBuildFile; fileRef = 13C7653A1BF61B2D00AC0223 /* Assets.xcassets */; };
		13C7653E1BF61B2D00AC0223 /* LaunchScreen.storyboard in Resources */ = {isa = PBXBuildFile; fileRef = 13C7653C1BF61B2D00AC0223 /* LaunchScreen.storyboard */; };
		13CCF1551C2F47FF00297EF3 /* EntityManager.swift in Sources */ = {isa = PBXBuildFile; fileRef = 13CCF1541C2F47FF00297EF3 /* EntityManager.swift */; };
		13CCF1571C34088D00297EF3 /* SpriteDebugComponent.swift in Sources */ = {isa = PBXBuildFile; fileRef = 13CCF1561C34088D00297EF3 /* SpriteDebugComponent.swift */; };
		58B51067ED2966DA1F5E3564 /* Pods_Hospital_Demo.framework in Frameworks */ = {isa = PBXBuildFile; fileRef = 119B22F354B724D95C8C9719 /* Pods_Hospital_Demo.framework */; };
		914667E11C5937D800560251 /* TouchableSpriteComponent.swift in Sources */ = {isa = PBXBuildFile; fileRef = 914667E01C5937D800560251 /* TouchableSpriteComponent.swift */; };
		91C836831C649978008ECABF /* GameState.swift in Sources */ = {isa = PBXBuildFile; fileRef = 91C836821C649978008ECABF /* GameState.swift */; };
		91DF14CF1C2A958D003E813F /* PositionComponent.swift in Sources */ = {isa = PBXBuildFile; fileRef = 91DF14CE1C2A958D003E813F /* PositionComponent.swift */; };
/* End PBXBuildFile section */

/* Begin PBXFileReference section */
		119B22F354B724D95C8C9719 /* Pods_Hospital_Demo.framework */ = {isa = PBXFileReference; explicitFileType = wrapper.framework; includeInIndex = 0; path = Pods_Hospital_Demo.framework; sourceTree = BUILT_PRODUCTS_DIR; };
		136FA1891BFBCBDC0086F545 /* BaseScene.swift */ = {isa = PBXFileReference; fileEncoding = 4; lastKnownFileType = sourcecode.swift; path = BaseScene.swift; sourceTree = "<group>"; };
		13907E4D1C62BA1D009FC199 /* TileStates.swift */ = {isa = PBXFileReference; fileEncoding = 4; lastKnownFileType = sourcecode.swift; name = TileStates.swift; path = States/TileStates.swift; sourceTree = "<group>"; };
		13A5F5CB1C0A464B0013D478 /* Grey Tile.png */ = {isa = PBXFileReference; lastKnownFileType = image.png; path = "Grey Tile.png"; sourceTree = "<group>"; };
		13A5F5CD1C0A587F0013D478 /* GameScene.sks */ = {isa = PBXFileReference; lastKnownFileType = file.sks; path = GameScene.sks; sourceTree = "<group>"; };
		13B223001C6407D300567B0E /* Game.swift */ = {isa = PBXFileReference; fileEncoding = 4; lastKnownFileType = sourcecode.swift; path = Game.swift; sourceTree = "<group>"; };
		13B6A1B31C255C940087649C /* Tile.swift */ = {isa = PBXFileReference; fileEncoding = 4; lastKnownFileType = sourcecode.swift; name = Tile.swift; path = Entity/Tile.swift; sourceTree = "<group>"; };
		13B6A1B51C255D8E0087649C /* SpriteComponent.swift */ = {isa = PBXFileReference; fileEncoding = 4; lastKnownFileType = sourcecode.swift; name = SpriteComponent.swift; path = Component/SpriteComponent.swift; sourceTree = "<group>"; };
		13C7652C1BF61B2D00AC0223 /* Hospital Demo.app */ = {isa = PBXFileReference; explicitFileType = wrapper.application; includeInIndex = 0; path = "Hospital Demo.app"; sourceTree = BUILT_PRODUCTS_DIR; };
		13C7652F1BF61B2D00AC0223 /* AppDelegate.swift */ = {isa = PBXFileReference; lastKnownFileType = sourcecode.swift; path = AppDelegate.swift; sourceTree = "<group>"; };
		13C765331BF61B2D00AC0223 /* GameScene.swift */ = {isa = PBXFileReference; lastKnownFileType = sourcecode.swift; path = GameScene.swift; sourceTree = "<group>"; };
		13C765351BF61B2D00AC0223 /* GameViewController.swift */ = {isa = PBXFileReference; lastKnownFileType = sourcecode.swift; path = GameViewController.swift; sourceTree = "<group>"; };
		13C765381BF61B2D00AC0223 /* Base */ = {isa = PBXFileReference; lastKnownFileType = file.storyboard; name = Base; path = Base.lproj/Main.storyboard; sourceTree = "<group>"; };
		13C7653A1BF61B2D00AC0223 /* Assets.xcassets */ = {isa = PBXFileReference; lastKnownFileType = folder.assetcatalog; path = Assets.xcassets; sourceTree = "<group>"; };
		13C7653D1BF61B2D00AC0223 /* Base */ = {isa = PBXFileReference; lastKnownFileType = file.storyboard; name = Base; path = Base.lproj/LaunchScreen.storyboard; sourceTree = "<group>"; };
		13C7653F1BF61B2D00AC0223 /* Info.plist */ = {isa = PBXFileReference; lastKnownFileType = text.plist.xml; path = Info.plist; sourceTree = "<group>"; };
		13CCF1541C2F47FF00297EF3 /* EntityManager.swift */ = {isa = PBXFileReference; fileEncoding = 4; lastKnownFileType = sourcecode.swift; name = EntityManager.swift; path = Entity/EntityManager.swift; sourceTree = "<group>"; };
		13CCF1561C34088D00297EF3 /* SpriteDebugComponent.swift */ = {isa = PBXFileReference; fileEncoding = 4; lastKnownFileType = sourcecode.swift; name = SpriteDebugComponent.swift; path = Component/SpriteDebugComponent.swift; sourceTree = "<group>"; };
		457F6EC4CF57C614C89AFCF5 /* Pods-Hospital Demo.release.xcconfig */ = {isa = PBXFileReference; includeInIndex = 1; lastKnownFileType = text.xcconfig; name = "Pods-Hospital Demo.release.xcconfig"; path = "Pods/Target Support Files/Pods-Hospital Demo/Pods-Hospital Demo.release.xcconfig"; sourceTree = "<group>"; };
		914667E01C5937D800560251 /* TouchableSpriteComponent.swift */ = {isa = PBXFileReference; fileEncoding = 4; lastKnownFileType = sourcecode.swift; name = TouchableSpriteComponent.swift; path = Component/TouchableSpriteComponent.swift; sourceTree = "<group>"; };
		91C836821C649978008ECABF /* GameState.swift */ = {isa = PBXFileReference; fileEncoding = 4; lastKnownFileType = sourcecode.swift; name = GameState.swift; path = States/GameState.swift; sourceTree = "<group>"; };
		91DF14CE1C2A958D003E813F /* PositionComponent.swift */ = {isa = PBXFileReference; fileEncoding = 4; lastKnownFileType = sourcecode.swift; name = PositionComponent.swift; path = Component/PositionComponent.swift; sourceTree = "<group>"; };
		FE6259AC48982DC954389865 /* Pods-Hospital Demo.debug.xcconfig */ = {isa = PBXFileReference; includeInIndex = 1; lastKnownFileType = text.xcconfig; name = "Pods-Hospital Demo.debug.xcconfig"; path = "Pods/Target Support Files/Pods-Hospital Demo/Pods-Hospital Demo.debug.xcconfig"; sourceTree = "<group>"; };
/* End PBXFileReference section */

/* Begin PBXFrameworksBuildPhase section */
		13C765291BF61B2D00AC0223 /* Frameworks */ = {
			isa = PBXFrameworksBuildPhase;
			buildActionMask = 2147483647;
			files = (
				58B51067ED2966DA1F5E3564 /* Pods_Hospital_Demo.framework in Frameworks */,
			);
			runOnlyForDeploymentPostprocessing = 0;
		};
/* End PBXFrameworksBuildPhase section */

/* Begin PBXGroup section */
		136FA1881BFBCBB90086F545 /* Scenes */ = {
			isa = PBXGroup;
			children = (
				136FA1891BFBCBDC0086F545 /* BaseScene.swift */,
			);
			name = Scenes;
			sourceTree = "<group>";
		};
		13907E4C1C62B786009FC199 /* TileStates */ = {
			isa = PBXGroup;
			children = (
				13907E4D1C62BA1D009FC199 /* TileStates.swift */,
			);
			name = TileStates;
			sourceTree = "<group>";
		};
		13B6A1B11C255B070087649C /* Entity */ = {
			isa = PBXGroup;
			children = (
				13B6A1B31C255C940087649C /* Tile.swift */,
				13907E4C1C62B786009FC199 /* TileStates */,
				13CCF1541C2F47FF00297EF3 /* EntityManager.swift */,
			);
			name = Entity;
			sourceTree = "<group>";
		};
		13B6A1B21C255B110087649C /* Component */ = {
			isa = PBXGroup;
			children = (
				13B6A1B51C255D8E0087649C /* SpriteComponent.swift */,
				91DF14CE1C2A958D003E813F /* PositionComponent.swift */,
				13CCF1561C34088D00297EF3 /* SpriteDebugComponent.swift */,
				914667E01C5937D800560251 /* TouchableSpriteComponent.swift */,
			);
			name = Component;
			sourceTree = "<group>";
		};
		13C765231BF61B2D00AC0223 = {
			isa = PBXGroup;
			children = (
				13C7652E1BF61B2D00AC0223 /* Hospital Demo */,
				13C7652D1BF61B2D00AC0223 /* Products */,
				D9D473466C91A2DBC577D2DD /* Pods */,
				DB3B59A34D3C34780422EEFE /* Frameworks */,
			);
			sourceTree = "<group>";
		};
		13C7652D1BF61B2D00AC0223 /* Products */ = {
			isa = PBXGroup;
			children = (
				13C7652C1BF61B2D00AC0223 /* Hospital Demo.app */,
			);
			name = Products;
			sourceTree = "<group>";
		};
		13C7652E1BF61B2D00AC0223 /* Hospital Demo */ = {
			isa = PBXGroup;
			children = (
				13B6A1B11C255B070087649C /* Entity */,
				13B6A1B21C255B110087649C /* Component */,
				136FA1881BFBCBB90086F545 /* Scenes */,
				13B223001C6407D300567B0E /* Game.swift */,
				91C836811C64991A008ECABF /* GameStates */,
				13C7652F1BF61B2D00AC0223 /* AppDelegate.swift */,
				13C765331BF61B2D00AC0223 /* GameScene.swift */,
				13A5F5CD1C0A587F0013D478 /* GameScene.sks */,
				13C765351BF61B2D00AC0223 /* GameViewController.swift */,
				13C765371BF61B2D00AC0223 /* Main.storyboard */,
				13C7653A1BF61B2D00AC0223 /* Assets.xcassets */,
				13C7653C1BF61B2D00AC0223 /* LaunchScreen.storyboard */,
				13C7653F1BF61B2D00AC0223 /* Info.plist */,
				13A5F5CB1C0A464B0013D478 /* Grey Tile.png */,
			);
			path = "Hospital Demo";
			sourceTree = "<group>";
		};
		91C836811C64991A008ECABF /* GameStates */ = {
			isa = PBXGroup;
			children = (
				91C836821C649978008ECABF /* GameState.swift */,
			);
			name = GameStates;
			sourceTree = "<group>";
		};
		D9D473466C91A2DBC577D2DD /* Pods */ = {
			isa = PBXGroup;
			children = (
				FE6259AC48982DC954389865 /* Pods-Hospital Demo.debug.xcconfig */,
				457F6EC4CF57C614C89AFCF5 /* Pods-Hospital Demo.release.xcconfig */,
			);
			name = Pods;
			sourceTree = "<group>";
		};
		DB3B59A34D3C34780422EEFE /* Frameworks */ = {
			isa = PBXGroup;
			children = (
				119B22F354B724D95C8C9719 /* Pods_Hospital_Demo.framework */,
			);
			name = Frameworks;
			sourceTree = "<group>";
		};
/* End PBXGroup section */

/* Begin PBXNativeTarget section */
		13C7652B1BF61B2D00AC0223 /* Hospital Demo */ = {
			isa = PBXNativeTarget;
			buildConfigurationList = 13C765421BF61B2D00AC0223 /* Build configuration list for PBXNativeTarget "Hospital Demo" */;
			buildPhases = (
				F1BEBF1B64C1BFFCB6E1E9F1 /* Check Pods Manifest.lock */,
				13C765281BF61B2D00AC0223 /* Sources */,
				13C765291BF61B2D00AC0223 /* Frameworks */,
				13C7652A1BF61B2D00AC0223 /* Resources */,
				625ED48A54126D9CFB7CA0FF /* Embed Pods Frameworks */,
				13E1461F6BC5573CA7CD27DE /* Copy Pods Resources */,
			);
			buildRules = (
			);
			dependencies = (
			);
			name = "Hospital Demo";
			productName = "Hospital Demo";
			productReference = 13C7652C1BF61B2D00AC0223 /* Hospital Demo.app */;
			productType = "com.apple.product-type.application";
		};
/* End PBXNativeTarget section */

/* Begin PBXProject section */
		13C765241BF61B2D00AC0223 /* Project object */ = {
			isa = PBXProject;
			attributes = {
				LastSwiftUpdateCheck = 0710;
				LastUpgradeCheck = 0720;
				ORGANIZATIONNAME = "Ben Hutton";
				TargetAttributes = {
					13C7652B1BF61B2D00AC0223 = {
						CreatedOnToolsVersion = 7.1.1;
						DevelopmentTeam = PF4KKVLGFM;
					};
				};
			};
			buildConfigurationList = 13C765271BF61B2D00AC0223 /* Build configuration list for PBXProject "Hospital Demo" */;
			compatibilityVersion = "Xcode 3.2";
			developmentRegion = English;
			hasScannedForEncodings = 0;
			knownRegions = (
				en,
				Base,
			);
			mainGroup = 13C765231BF61B2D00AC0223;
			productRefGroup = 13C7652D1BF61B2D00AC0223 /* Products */;
			projectDirPath = "";
			projectRoot = "";
			targets = (
				13C7652B1BF61B2D00AC0223 /* Hospital Demo */,
			);
		};
/* End PBXProject section */

/* Begin PBXResourcesBuildPhase section */
		13C7652A1BF61B2D00AC0223 /* Resources */ = {
			isa = PBXResourcesBuildPhase;
			buildActionMask = 2147483647;
			files = (
				13C7653E1BF61B2D00AC0223 /* LaunchScreen.storyboard in Resources */,
				13A5F5CE1C0A587F0013D478 /* GameScene.sks in Resources */,
				13C7653B1BF61B2D00AC0223 /* Assets.xcassets in Resources */,
				13C765391BF61B2D00AC0223 /* Main.storyboard in Resources */,
				13A5F5CC1C0A464B0013D478 /* Grey Tile.png in Resources */,
			);
			runOnlyForDeploymentPostprocessing = 0;
		};
/* End PBXResourcesBuildPhase section */

/* Begin PBXShellScriptBuildPhase section */
		13E1461F6BC5573CA7CD27DE /* Copy Pods Resources */ = {
			isa = PBXShellScriptBuildPhase;
			buildActionMask = 2147483647;
			files = (
			);
			inputPaths = (
			);
			name = "Copy Pods Resources";
			outputPaths = (
			);
			runOnlyForDeploymentPostprocessing = 0;
			shellPath = /bin/sh;
			shellScript = "\"${SRCROOT}/Pods/Target Support Files/Pods-Hospital Demo/Pods-Hospital Demo-resources.sh\"\n";
			showEnvVarsInLog = 0;
		};
		625ED48A54126D9CFB7CA0FF /* Embed Pods Frameworks */ = {
			isa = PBXShellScriptBuildPhase;
			buildActionMask = 2147483647;
			files = (
			);
			inputPaths = (
			);
			name = "Embed Pods Frameworks";
			outputPaths = (
			);
			runOnlyForDeploymentPostprocessing = 0;
			shellPath = /bin/sh;
			shellScript = "\"${SRCROOT}/Pods/Target Support Files/Pods-Hospital Demo/Pods-Hospital Demo-frameworks.sh\"\n";
			showEnvVarsInLog = 0;
		};
		F1BEBF1B64C1BFFCB6E1E9F1 /* Check Pods Manifest.lock */ = {
			isa = PBXShellScriptBuildPhase;
			buildActionMask = 2147483647;
			files = (
			);
			inputPaths = (
			);
			name = "Check Pods Manifest.lock";
			outputPaths = (
			);
			runOnlyForDeploymentPostprocessing = 0;
			shellPath = /bin/sh;
			shellScript = "diff \"${PODS_ROOT}/../Podfile.lock\" \"${PODS_ROOT}/Manifest.lock\" > /dev/null\nif [[ $? != 0 ]] ; then\n    cat << EOM\nerror: The sandbox is not in sync with the Podfile.lock. Run 'pod install' or update your CocoaPods installation.\nEOM\n    exit 1\nfi\n";
			showEnvVarsInLog = 0;
		};
/* End PBXShellScriptBuildPhase section */

/* Begin PBXSourcesBuildPhase section */
		13C765281BF61B2D00AC0223 /* Sources */ = {
			isa = PBXSourcesBuildPhase;
			buildActionMask = 2147483647;
			files = (
				13C765341BF61B2D00AC0223 /* GameScene.swift in Sources */,
				13C765361BF61B2D00AC0223 /* GameViewController.swift in Sources */,
				91C836831C649978008ECABF /* GameState.swift in Sources */,
				13907E4E1C62BA1D009FC199 /* TileStates.swift in Sources */,
				13B6A1B41C255C940087649C /* Tile.swift in Sources */,
				13C765301BF61B2D00AC0223 /* AppDelegate.swift in Sources */,
				91DF14CF1C2A958D003E813F /* PositionComponent.swift in Sources */,
				13B6A1B61C255D8E0087649C /* SpriteComponent.swift in Sources */,
				13B223011C6407D300567B0E /* Game.swift in Sources */,
				914667E11C5937D800560251 /* TouchableSpriteComponent.swift in Sources */,
				13CCF1551C2F47FF00297EF3 /* EntityManager.swift in Sources */,
				136FA18A1BFBCBDC0086F545 /* BaseScene.swift in Sources */,
				13CCF1571C34088D00297EF3 /* SpriteDebugComponent.swift in Sources */,
			);
			runOnlyForDeploymentPostprocessing = 0;
		};
/* End PBXSourcesBuildPhase section */

/* Begin PBXVariantGroup section */
		13C765371BF61B2D00AC0223 /* Main.storyboard */ = {
			isa = PBXVariantGroup;
			children = (
				13C765381BF61B2D00AC0223 /* Base */,
			);
			name = Main.storyboard;
			sourceTree = "<group>";
		};
		13C7653C1BF61B2D00AC0223 /* LaunchScreen.storyboard */ = {
			isa = PBXVariantGroup;
			children = (
				13C7653D1BF61B2D00AC0223 /* Base */,
			);
			name = LaunchScreen.storyboard;
			sourceTree = "<group>";
		};
/* End PBXVariantGroup section */

/* Begin XCBuildConfiguration section */
		13C765401BF61B2D00AC0223 /* Debug */ = {
			isa = XCBuildConfiguration;
			buildSettings = {
				ALWAYS_SEARCH_USER_PATHS = NO;
				CLANG_CXX_LANGUAGE_STANDARD = "gnu++0x";
				CLANG_CXX_LIBRARY = "libc++";
				CLANG_ENABLE_MODULES = YES;
				CLANG_ENABLE_OBJC_ARC = YES;
				CLANG_WARN_BOOL_CONVERSION = YES;
				CLANG_WARN_CONSTANT_CONVERSION = YES;
				CLANG_WARN_DIRECT_OBJC_ISA_USAGE = YES_ERROR;
				CLANG_WARN_EMPTY_BODY = YES;
				CLANG_WARN_ENUM_CONVERSION = YES;
				CLANG_WARN_INT_CONVERSION = YES;
				CLANG_WARN_OBJC_ROOT_CLASS = YES_ERROR;
				CLANG_WARN_UNREACHABLE_CODE = YES;
				CLANG_WARN__DUPLICATE_METHOD_MATCH = YES;
				"CODE_SIGN_IDENTITY[sdk=iphoneos*]" = "iPhone Developer";
				COPY_PHASE_STRIP = NO;
				DEBUG_INFORMATION_FORMAT = "dwarf-with-dsym";
				ENABLE_STRICT_OBJC_MSGSEND = YES;
				ENABLE_TESTABILITY = YES;
				GCC_C_LANGUAGE_STANDARD = gnu99;
				GCC_DYNAMIC_NO_PIC = NO;
				GCC_NO_COMMON_BLOCKS = YES;
				GCC_OPTIMIZATION_LEVEL = 0;
				GCC_PREPROCESSOR_DEFINITIONS = (
					"DEBUG=1",
					"$(inherited)",
				);
				GCC_WARN_64_TO_32_BIT_CONVERSION = YES;
				GCC_WARN_ABOUT_RETURN_TYPE = YES_ERROR;
				GCC_WARN_UNDECLARED_SELECTOR = YES;
				GCC_WARN_UNINITIALIZED_AUTOS = YES_AGGRESSIVE;
				GCC_WARN_UNUSED_FUNCTION = YES;
				GCC_WARN_UNUSED_VARIABLE = YES;
				IPHONEOS_DEPLOYMENT_TARGET = 9.2;
				MTL_ENABLE_DEBUG_INFO = YES;
				ONLY_ACTIVE_ARCH = YES;
				SDKROOT = iphoneos;
				SWIFT_OPTIMIZATION_LEVEL = "-Onone";
				TARGETED_DEVICE_FAMILY = "1,2";
			};
			name = Debug;
		};
		13C765411BF61B2D00AC0223 /* Release */ = {
			isa = XCBuildConfiguration;
			buildSettings = {
				ALWAYS_SEARCH_USER_PATHS = NO;
				CLANG_CXX_LANGUAGE_STANDARD = "gnu++0x";
				CLANG_CXX_LIBRARY = "libc++";
				CLANG_ENABLE_MODULES = YES;
				CLANG_ENABLE_OBJC_ARC = YES;
				CLANG_WARN_BOOL_CONVERSION = YES;
				CLANG_WARN_CONSTANT_CONVERSION = YES;
				CLANG_WARN_DIRECT_OBJC_ISA_USAGE = YES_ERROR;
				CLANG_WARN_EMPTY_BODY = YES;
				CLANG_WARN_ENUM_CONVERSION = YES;
				CLANG_WARN_INT_CONVERSION = YES;
				CLANG_WARN_OBJC_ROOT_CLASS = YES_ERROR;
				CLANG_WARN_UNREACHABLE_CODE = YES;
				CLANG_WARN__DUPLICATE_METHOD_MATCH = YES;
				"CODE_SIGN_IDENTITY[sdk=iphoneos*]" = "iPhone Developer";
				COPY_PHASE_STRIP = NO;
				DEBUG_INFORMATION_FORMAT = "dwarf-with-dsym";
				ENABLE_NS_ASSERTIONS = NO;
				ENABLE_STRICT_OBJC_MSGSEND = YES;
				GCC_C_LANGUAGE_STANDARD = gnu99;
				GCC_NO_COMMON_BLOCKS = YES;
				GCC_WARN_64_TO_32_BIT_CONVERSION = YES;
				GCC_WARN_ABOUT_RETURN_TYPE = YES_ERROR;
				GCC_WARN_UNDECLARED_SELECTOR = YES;
				GCC_WARN_UNINITIALIZED_AUTOS = YES_AGGRESSIVE;
				GCC_WARN_UNUSED_FUNCTION = YES;
				GCC_WARN_UNUSED_VARIABLE = YES;
				IPHONEOS_DEPLOYMENT_TARGET = 9.2;
				MTL_ENABLE_DEBUG_INFO = NO;
				SDKROOT = iphoneos;
				TARGETED_DEVICE_FAMILY = "1,2";
				VALIDATE_PRODUCT = YES;
			};
			name = Release;
		};
		13C765431BF61B2D00AC0223 /* Debug */ = {
			isa = XCBuildConfiguration;
			baseConfigurationReference = FE6259AC48982DC954389865 /* Pods-Hospital Demo.debug.xcconfig */;
			buildSettings = {
				ASSETCATALOG_COMPILER_APPICON_NAME = AppIcon;
				CODE_SIGN_IDENTITY = "iPhone Developer";
				"CODE_SIGN_IDENTITY[sdk=iphoneos*]" = "iPhone Developer";
				EMBEDDED_CONTENT_CONTAINS_SWIFT = YES;
				INFOPLIST_FILE = "Hospital Demo/Info.plist";
				IPHONEOS_DEPLOYMENT_TARGET = 9.1;
				LD_RUNPATH_SEARCH_PATHS = "$(inherited) @executable_path/Frameworks";
				PRODUCT_BUNDLE_IDENTIFIER = "Relequestual.Hospital-Demo";
				PRODUCT_NAME = "$(TARGET_NAME)";
				PROVISIONING_PROFILE = "";
			};
			name = Debug;
		};
		13C765441BF61B2D00AC0223 /* Release */ = {
			isa = XCBuildConfiguration;
			baseConfigurationReference = 457F6EC4CF57C614C89AFCF5 /* Pods-Hospital Demo.release.xcconfig */;
			buildSettings = {
				ASSETCATALOG_COMPILER_APPICON_NAME = AppIcon;
				CODE_SIGN_IDENTITY = "iPhone Developer";
				"CODE_SIGN_IDENTITY[sdk=iphoneos*]" = "iPhone Developer";
				EMBEDDED_CONTENT_CONTAINS_SWIFT = YES;
				INFOPLIST_FILE = "Hospital Demo/Info.plist";
				IPHONEOS_DEPLOYMENT_TARGET = 9.1;
				LD_RUNPATH_SEARCH_PATHS = "$(inherited) @executable_path/Frameworks";
				PRODUCT_BUNDLE_IDENTIFIER = "Relequestual.Hospital-Demo";
				PRODUCT_NAME = "$(TARGET_NAME)";
				PROVISIONING_PROFILE = "";
			};
			name = Release;
		};
/* End XCBuildConfiguration section */

/* Begin XCConfigurationList section */
		13C765271BF61B2D00AC0223 /* Build configuration list for PBXProject "Hospital Demo" */ = {
			isa = XCConfigurationList;
			buildConfigurations = (
				13C765401BF61B2D00AC0223 /* Debug */,
				13C765411BF61B2D00AC0223 /* Release */,
			);
			defaultConfigurationIsVisible = 0;
			defaultConfigurationName = Release;
		};
		13C765421BF61B2D00AC0223 /* Build configuration list for PBXNativeTarget "Hospital Demo" */ = {
			isa = XCConfigurationList;
			buildConfigurations = (
				13C765431BF61B2D00AC0223 /* Debug */,
				13C765441BF61B2D00AC0223 /* Release */,
			);
			defaultConfigurationIsVisible = 0;
			defaultConfigurationName = Release;
		};
/* End XCConfigurationList section */
	};
	rootObject = 13C765241BF61B2D00AC0223 /* Project object */;
}
