// !$*UTF8*$!
{
	archiveVersion = 1;
	classes = {
	};
	objectVersion = 48;
	objects = {

/* Begin PBXBuildFile section */
		130AFEAF1D0494B1002F266D /* Button.swift in Sources */ = {isa = PBXBuildFile; fileRef = 130AFEAE1D0494B1002F266D /* Button.swift */; };
		13388CF21D5672190080234A /* Room.swift in Sources */ = {isa = PBXBuildFile; fileRef = 13388CF11D5672190080234A /* Room.swift */; };
		13388CF41D57B6C50080234A /* BuildRoomComponent.swift in Sources */ = {isa = PBXBuildFile; fileRef = 13388CF31D57B6C50080234A /* BuildRoomComponent.swift */; };
		136FA18A1BFBCBDC0086F545 /* BaseScene.swift in Sources */ = {isa = PBXBuildFile; fileRef = 136FA1891BFBCBDC0086F545 /* BaseScene.swift */; };
		137F2E161CDF8D4600665C17 /* DraggableSpriteComponent.swift in Sources */ = {isa = PBXBuildFile; fileRef = 137F2E151CDF8D4600665C17 /* DraggableSpriteComponent.swift */; };
		13A5F5CE1C0A587F0013D478 /* GameScene.sks in Resources */ = {isa = PBXBuildFile; fileRef = 13A5F5CD1C0A587F0013D478 /* GameScene.sks */; };
		13B223011C6407D300567B0E /* Game.swift in Sources */ = {isa = PBXBuildFile; fileRef = 13B223001C6407D300567B0E /* Game.swift */; };
		13B6032D1C6935D700A65E7F /* ReceptionDesk.swift in Sources */ = {isa = PBXBuildFile; fileRef = 13B6032C1C6935D700A65E7F /* ReceptionDesk.swift */; };
		13B6A1B41C255C940087649C /* Tile.swift in Sources */ = {isa = PBXBuildFile; fileRef = 13B6A1B31C255C940087649C /* Tile.swift */; };
		13B6A1B61C255D8E0087649C /* SpriteComponent.swift in Sources */ = {isa = PBXBuildFile; fileRef = 13B6A1B51C255D8E0087649C /* SpriteComponent.swift */; };
		13C765301BF61B2D00AC0223 /* AppDelegate.swift in Sources */ = {isa = PBXBuildFile; fileRef = 13C7652F1BF61B2D00AC0223 /* AppDelegate.swift */; };
		13C765341BF61B2D00AC0223 /* GameScene.swift in Sources */ = {isa = PBXBuildFile; fileRef = 13C765331BF61B2D00AC0223 /* GameScene.swift */; };
		13C765361BF61B2D00AC0223 /* GameViewController.swift in Sources */ = {isa = PBXBuildFile; fileRef = 13C765351BF61B2D00AC0223 /* GameViewController.swift */; };
		13C765391BF61B2D00AC0223 /* Main.storyboard in Resources */ = {isa = PBXBuildFile; fileRef = 13C765371BF61B2D00AC0223 /* Main.storyboard */; };
		13C7653B1BF61B2D00AC0223 /* Assets.xcassets in Resources */ = {isa = PBXBuildFile; fileRef = 13C7653A1BF61B2D00AC0223 /* Assets.xcassets */; };
		13C7653E1BF61B2D00AC0223 /* LaunchScreen.storyboard in Resources */ = {isa = PBXBuildFile; fileRef = 13C7653C1BF61B2D00AC0223 /* LaunchScreen.storyboard */; };
		13CBAB641D6A0CBB004561CB /* BuildRoomState.swift in Sources */ = {isa = PBXBuildFile; fileRef = 13CBAB631D6A0CBB004561CB /* BuildRoomState.swift */; };
		13CCF1551C2F47FF00297EF3 /* EntityManager.swift in Sources */ = {isa = PBXBuildFile; fileRef = 13CCF1541C2F47FF00297EF3 /* EntityManager.swift */; };
		13CCF1571C34088D00297EF3 /* SpriteDebugComponent.swift in Sources */ = {isa = PBXBuildFile; fileRef = 13CCF1561C34088D00297EF3 /* SpriteDebugComponent.swift */; };
		13DFA1791C65ECE8003289E9 /* GameToolbar.swift in Sources */ = {isa = PBXBuildFile; fileRef = 13DFA1781C65ECE8003289E9 /* GameToolbar.swift */; };
		13DFA17B1C6806F4003289E9 /* BuildItemState.swift in Sources */ = {isa = PBXBuildFile; fileRef = 13DFA17A1C6806F4003289E9 /* BuildItemState.swift */; };
		9119835E1E72D3D100E6D2A2 /* UseableComponent.swift in Sources */ = {isa = PBXBuildFile; fileRef = 9119835D1E72D3D100E6D2A2 /* UseableComponent.swift */; };
		911FB1CD213D547F00ABBD41 /* ItemSpecComponent.swift in Sources */ = {isa = PBXBuildFile; fileRef = 911FB1CC213D547F00ABBD41 /* ItemSpecComponent.swift */; };
		9122FA441D61AC4000F92958 /* RoomBlueprintComponent.swift in Sources */ = {isa = PBXBuildFile; fileRef = 9122FA431D61AC4000F92958 /* RoomBlueprintComponent.swift */; };
		912CBCFB2088BDA900CAE400 /* ItemMenu.swift in Sources */ = {isa = PBXBuildFile; fileRef = 912CBCFA2088BDA900CAE400 /* ItemMenu.swift */; };
		914650CE1E729E6B00DBF123 /* Door.swift in Sources */ = {isa = PBXBuildFile; fileRef = 914650CD1E729E6B00DBF123 /* Door.swift */; };
		914667E11C5937D800560251 /* TouchableSpriteComponent.swift in Sources */ = {isa = PBXBuildFile; fileRef = 914667E01C5937D800560251 /* TouchableSpriteComponent.swift */; };
		91494DE51F87D8BF00817B45 /* DebugToolbar.swift in Sources */ = {isa = PBXBuildFile; fileRef = 91494DE41F87D8BF00817B45 /* DebugToolbar.swift */; };
		9159B8C5211B0B3900C8CC2F /* ItemDefinitions.swift in Sources */ = {isa = PBXBuildFile; fileRef = 9159B8C4211B0B3900C8CC2F /* ItemDefinitions.swift */; };
		9161209120EA87BF003705BF /* ToolbarProtocol.swift in Sources */ = {isa = PBXBuildFile; fileRef = 9161209020EA87BF003705BF /* ToolbarProtocol.swift */; };
		9163E2432109B93D00602C2D /* Game.Tile.swift in Sources */ = {isa = PBXBuildFile; fileRef = 9163E2422109B93D00602C2D /* Game.Tile.swift */; };
		9169815D211624A800B885AF /* ItemManager.swift in Sources */ = {isa = PBXBuildFile; fileRef = 9169815C211624A800B885AF /* ItemManager.swift */; };
		9175E2D31D47CACE0026BA8F /* zPositionManager.swift in Sources */ = {isa = PBXBuildFile; fileRef = 9175E2D21D47CACE0026BA8F /* zPositionManager.swift */; };
		918968401E8BA06B005EB38D /* Convert.swift in Sources */ = {isa = PBXBuildFile; fileRef = 9189683F1E8BA06B005EB38D /* Convert.swift */; };
		919232D92087AD3A003A31A0 /* MenuManager.swift in Sources */ = {isa = PBXBuildFile; fileRef = 919232D82087AD3A003A31A0 /* MenuManager.swift */; };
		919232DB2087AE5F003A31A0 /* Menu.swift in Sources */ = {isa = PBXBuildFile; fileRef = 919232DA2087AE5F003A31A0 /* Menu.swift */; };
		91C25B342098D0DC00E72865 /* MenuProtocol.swift in Sources */ = {isa = PBXBuildFile; fileRef = 91C25B332098D0DC00E72865 /* MenuProtocol.swift */; };
		91C3E3571C6BB1E900E8CBD8 /* ItemBlueprintComponent.swift in Sources */ = {isa = PBXBuildFile; fileRef = 91C3E3561C6BB1E900E8CBD8 /* ItemBlueprintComponent.swift */; };
		91C836831C649978008ECABF /* GameState.swift in Sources */ = {isa = PBXBuildFile; fileRef = 91C836821C649978008ECABF /* GameState.swift */; };
		91DF14CF1C2A958D003E813F /* PositionComponent.swift in Sources */ = {isa = PBXBuildFile; fileRef = 91DF14CE1C2A958D003E813F /* PositionComponent.swift */; };
		91E4F98D21119A6F008747D2 /* StateProtocols.swift in Sources */ = {isa = PBXBuildFile; fileRef = 91E4F98C21119A6F008747D2 /* StateProtocols.swift */; };
		91ED91971D01A34300A9D536 /* Graphics in Resources */ = {isa = PBXBuildFile; fileRef = 91ED91961D01A34300A9D536 /* Graphics */; };
		91EEAE2F1E93BB7F001C4AC1 /* DoorState.swift in Sources */ = {isa = PBXBuildFile; fileRef = 91EEAE2E1E93BB7F001C4AC1 /* DoorState.swift */; };
		91F052661DD35031002F8B19 /* ToolbarManager.swift in Sources */ = {isa = PBXBuildFile; fileRef = 91F052651DD35031002F8B19 /* ToolbarManager.swift */; };
		91F72CF31DC9E00E00210C71 /* ConfirmToolbar.swift in Sources */ = {isa = PBXBuildFile; fileRef = 91F72CF21DC9E00E00210C71 /* ConfirmToolbar.swift */; };
		91F7F0E71D2FDA2D00331878 /* BuildItemComponent.swift in Sources */ = {isa = PBXBuildFile; fileRef = 91F7F0E61D2FDA2D00331878 /* BuildItemComponent.swift */; };
		FAD7CE8CFA5FB04356B84B9B /* Pods_Hospital_Demo.framework in Frameworks */ = {isa = PBXBuildFile; fileRef = 95B62B8019555C808D93D325 /* Pods_Hospital_Demo.framework */; };
/* End PBXBuildFile section */

/* Begin PBXFileReference section */
		130AFEAE1D0494B1002F266D /* Button.swift */ = {isa = PBXFileReference; fileEncoding = 4; lastKnownFileType = sourcecode.swift; path = Button.swift; sourceTree = "<group>"; };
		13388CF11D5672190080234A /* Room.swift */ = {isa = PBXFileReference; fileEncoding = 4; lastKnownFileType = sourcecode.swift; name = Room.swift; path = ../Room.swift; sourceTree = "<group>"; };
		13388CF31D57B6C50080234A /* BuildRoomComponent.swift */ = {isa = PBXFileReference; fileEncoding = 4; lastKnownFileType = sourcecode.swift; path = BuildRoomComponent.swift; sourceTree = "<group>"; };
		136FA1891BFBCBDC0086F545 /* BaseScene.swift */ = {isa = PBXFileReference; fileEncoding = 4; lastKnownFileType = sourcecode.swift; path = BaseScene.swift; sourceTree = "<group>"; };
		137F2E151CDF8D4600665C17 /* DraggableSpriteComponent.swift */ = {isa = PBXFileReference; fileEncoding = 4; lastKnownFileType = sourcecode.swift; path = DraggableSpriteComponent.swift; sourceTree = "<group>"; };
		13A5F5CD1C0A587F0013D478 /* GameScene.sks */ = {isa = PBXFileReference; lastKnownFileType = file.sks; path = GameScene.sks; sourceTree = "<group>"; };
		13B223001C6407D300567B0E /* Game.swift */ = {isa = PBXFileReference; fileEncoding = 4; lastKnownFileType = sourcecode.swift; path = Game.swift; sourceTree = "<group>"; };
		13B6032C1C6935D700A65E7F /* ReceptionDesk.swift */ = {isa = PBXFileReference; fileEncoding = 4; lastKnownFileType = sourcecode.swift; path = ReceptionDesk.swift; sourceTree = "<group>"; };
		13B6A1B31C255C940087649C /* Tile.swift */ = {isa = PBXFileReference; fileEncoding = 4; lastKnownFileType = sourcecode.swift; path = Tile.swift; sourceTree = "<group>"; };
		13B6A1B51C255D8E0087649C /* SpriteComponent.swift */ = {isa = PBXFileReference; fileEncoding = 4; lastKnownFileType = sourcecode.swift; path = SpriteComponent.swift; sourceTree = "<group>"; };
		13C7652C1BF61B2D00AC0223 /* Hospital Demo.app */ = {isa = PBXFileReference; explicitFileType = wrapper.application; includeInIndex = 0; path = "Hospital Demo.app"; sourceTree = BUILT_PRODUCTS_DIR; };
		13C7652F1BF61B2D00AC0223 /* AppDelegate.swift */ = {isa = PBXFileReference; lastKnownFileType = sourcecode.swift; path = AppDelegate.swift; sourceTree = "<group>"; };
		13C765331BF61B2D00AC0223 /* GameScene.swift */ = {isa = PBXFileReference; lastKnownFileType = sourcecode.swift; path = GameScene.swift; sourceTree = "<group>"; };
		13C765351BF61B2D00AC0223 /* GameViewController.swift */ = {isa = PBXFileReference; lastKnownFileType = sourcecode.swift; path = GameViewController.swift; sourceTree = "<group>"; };
		13C765381BF61B2D00AC0223 /* Base */ = {isa = PBXFileReference; lastKnownFileType = file.storyboard; name = Base; path = Base.lproj/Main.storyboard; sourceTree = "<group>"; };
		13C7653A1BF61B2D00AC0223 /* Assets.xcassets */ = {isa = PBXFileReference; lastKnownFileType = folder.assetcatalog; path = Assets.xcassets; sourceTree = "<group>"; };
		13C7653D1BF61B2D00AC0223 /* Base */ = {isa = PBXFileReference; lastKnownFileType = file.storyboard; name = Base; path = Base.lproj/LaunchScreen.storyboard; sourceTree = "<group>"; };
		13C7653F1BF61B2D00AC0223 /* Info.plist */ = {isa = PBXFileReference; lastKnownFileType = text.plist.xml; path = Info.plist; sourceTree = "<group>"; };
		13CBAB631D6A0CBB004561CB /* BuildRoomState.swift */ = {isa = PBXFileReference; fileEncoding = 4; lastKnownFileType = sourcecode.swift; path = BuildRoomState.swift; sourceTree = "<group>"; };
		13CCF1541C2F47FF00297EF3 /* EntityManager.swift */ = {isa = PBXFileReference; fileEncoding = 4; lastKnownFileType = sourcecode.swift; path = EntityManager.swift; sourceTree = "<group>"; };
		13CCF1561C34088D00297EF3 /* SpriteDebugComponent.swift */ = {isa = PBXFileReference; fileEncoding = 4; lastKnownFileType = sourcecode.swift; path = SpriteDebugComponent.swift; sourceTree = "<group>"; };
		13DFA1781C65ECE8003289E9 /* GameToolbar.swift */ = {isa = PBXFileReference; fileEncoding = 4; lastKnownFileType = sourcecode.swift; path = GameToolbar.swift; sourceTree = "<group>"; };
		13DFA17A1C6806F4003289E9 /* BuildItemState.swift */ = {isa = PBXFileReference; fileEncoding = 4; lastKnownFileType = sourcecode.swift; path = BuildItemState.swift; sourceTree = "<group>"; };
		6E729F281F280152765F1F6C /* Pods-Hospital Demo.debug.xcconfig */ = {isa = PBXFileReference; includeInIndex = 1; lastKnownFileType = text.xcconfig; name = "Pods-Hospital Demo.debug.xcconfig"; path = "Pods/Target Support Files/Pods-Hospital Demo/Pods-Hospital Demo.debug.xcconfig"; sourceTree = "<group>"; };
		9119835D1E72D3D100E6D2A2 /* UseableComponent.swift */ = {isa = PBXFileReference; fileEncoding = 4; lastKnownFileType = sourcecode.swift; path = UseableComponent.swift; sourceTree = "<group>"; };
		911FB1CC213D547F00ABBD41 /* ItemSpecComponent.swift */ = {isa = PBXFileReference; lastKnownFileType = sourcecode.swift; path = ItemSpecComponent.swift; sourceTree = "<group>"; };
		9122FA431D61AC4000F92958 /* RoomBlueprintComponent.swift */ = {isa = PBXFileReference; fileEncoding = 4; lastKnownFileType = sourcecode.swift; path = RoomBlueprintComponent.swift; sourceTree = "<group>"; };
		912CBCFA2088BDA900CAE400 /* ItemMenu.swift */ = {isa = PBXFileReference; lastKnownFileType = sourcecode.swift; path = ItemMenu.swift; sourceTree = "<group>"; };
		914650CD1E729E6B00DBF123 /* Door.swift */ = {isa = PBXFileReference; fileEncoding = 4; lastKnownFileType = sourcecode.swift; path = Door.swift; sourceTree = "<group>"; };
		914667E01C5937D800560251 /* TouchableSpriteComponent.swift */ = {isa = PBXFileReference; fileEncoding = 4; lastKnownFileType = sourcecode.swift; path = TouchableSpriteComponent.swift; sourceTree = "<group>"; };
		91494DE41F87D8BF00817B45 /* DebugToolbar.swift */ = {isa = PBXFileReference; lastKnownFileType = sourcecode.swift; path = DebugToolbar.swift; sourceTree = "<group>"; };
		9159B8C4211B0B3900C8CC2F /* ItemDefinitions.swift */ = {isa = PBXFileReference; lastKnownFileType = sourcecode.swift; path = ItemDefinitions.swift; sourceTree = "<group>"; };
		9161209020EA87BF003705BF /* ToolbarProtocol.swift */ = {isa = PBXFileReference; fileEncoding = 4; lastKnownFileType = sourcecode.swift; path = ToolbarProtocol.swift; sourceTree = "<group>"; };
		9163E2422109B93D00602C2D /* Game.Tile.swift */ = {isa = PBXFileReference; lastKnownFileType = sourcecode.swift; path = Game.Tile.swift; sourceTree = "<group>"; };
		9169815C211624A800B885AF /* ItemManager.swift */ = {isa = PBXFileReference; lastKnownFileType = sourcecode.swift; path = ItemManager.swift; sourceTree = "<group>"; };
		9175E2D21D47CACE0026BA8F /* zPositionManager.swift */ = {isa = PBXFileReference; fileEncoding = 4; lastKnownFileType = sourcecode.swift; path = zPositionManager.swift; sourceTree = "<group>"; };
		9189683F1E8BA06B005EB38D /* Convert.swift */ = {isa = PBXFileReference; fileEncoding = 4; lastKnownFileType = sourcecode.swift; path = Convert.swift; sourceTree = "<group>"; };
		919232D82087AD3A003A31A0 /* MenuManager.swift */ = {isa = PBXFileReference; lastKnownFileType = sourcecode.swift; path = MenuManager.swift; sourceTree = "<group>"; };
		919232DA2087AE5F003A31A0 /* Menu.swift */ = {isa = PBXFileReference; lastKnownFileType = sourcecode.swift; path = Menu.swift; sourceTree = "<group>"; };
		91C25B332098D0DC00E72865 /* MenuProtocol.swift */ = {isa = PBXFileReference; lastKnownFileType = sourcecode.swift; path = MenuProtocol.swift; sourceTree = "<group>"; };
		91C3E3561C6BB1E900E8CBD8 /* ItemBlueprintComponent.swift */ = {isa = PBXFileReference; fileEncoding = 4; lastKnownFileType = sourcecode.swift; path = ItemBlueprintComponent.swift; sourceTree = "<group>"; };
		91C836821C649978008ECABF /* GameState.swift */ = {isa = PBXFileReference; fileEncoding = 4; lastKnownFileType = sourcecode.swift; path = GameState.swift; sourceTree = "<group>"; };
		91DF14CE1C2A958D003E813F /* PositionComponent.swift */ = {isa = PBXFileReference; fileEncoding = 4; lastKnownFileType = sourcecode.swift; path = PositionComponent.swift; sourceTree = "<group>"; };
		91E4F98C21119A6F008747D2 /* StateProtocols.swift */ = {isa = PBXFileReference; lastKnownFileType = sourcecode.swift; path = StateProtocols.swift; sourceTree = "<group>"; };
		91ED91961D01A34300A9D536 /* Graphics */ = {isa = PBXFileReference; lastKnownFileType = folder; path = Graphics; sourceTree = "<group>"; };
		91EEAE2E1E93BB7F001C4AC1 /* DoorState.swift */ = {isa = PBXFileReference; fileEncoding = 4; lastKnownFileType = sourcecode.swift; path = DoorState.swift; sourceTree = "<group>"; };
		91F052651DD35031002F8B19 /* ToolbarManager.swift */ = {isa = PBXFileReference; fileEncoding = 4; lastKnownFileType = sourcecode.swift; path = ToolbarManager.swift; sourceTree = "<group>"; };
		91F72CF21DC9E00E00210C71 /* ConfirmToolbar.swift */ = {isa = PBXFileReference; fileEncoding = 4; lastKnownFileType = sourcecode.swift; path = ConfirmToolbar.swift; sourceTree = "<group>"; };
		91F7F0E61D2FDA2D00331878 /* BuildItemComponent.swift */ = {isa = PBXFileReference; fileEncoding = 4; lastKnownFileType = sourcecode.swift; path = BuildItemComponent.swift; sourceTree = "<group>"; };
		95B62B8019555C808D93D325 /* Pods_Hospital_Demo.framework */ = {isa = PBXFileReference; explicitFileType = wrapper.framework; includeInIndex = 0; path = Pods_Hospital_Demo.framework; sourceTree = BUILT_PRODUCTS_DIR; };
		ABE58657E036ED2E7C7C0A00 /* Pods-Hospital Demo.release.xcconfig */ = {isa = PBXFileReference; includeInIndex = 1; lastKnownFileType = text.xcconfig; name = "Pods-Hospital Demo.release.xcconfig"; path = "Pods/Target Support Files/Pods-Hospital Demo/Pods-Hospital Demo.release.xcconfig"; sourceTree = "<group>"; };
/* End PBXFileReference section */

/* Begin PBXFrameworksBuildPhase section */
		13C765291BF61B2D00AC0223 /* Frameworks */ = {
			isa = PBXFrameworksBuildPhase;
			buildActionMask = 2147483647;
			files = (
				FAD7CE8CFA5FB04356B84B9B /* Pods_Hospital_Demo.framework in Frameworks */,
			);
			runOnlyForDeploymentPostprocessing = 0;
		};
/* End PBXFrameworksBuildPhase section */

/* Begin PBXGroup section */
		136FA1881BFBCBB90086F545 /* Scenes */ = {
			isa = PBXGroup;
			children = (
				136FA1891BFBCBDC0086F545 /* BaseScene.swift */,
				13DFA1771C65ECB5003289E9 /* Elements */,
			);
			path = Scenes;
			sourceTree = "<group>";
		};
		13B6032B1C69320B00A65E7F /* States */ = {
			isa = PBXGroup;
			children = (
				91EEAE2D1E93BB1F001C4AC1 /* ItemStates */,
				91C836811C64991A008ECABF /* GameStates */,
			);
			path = States;
			sourceTree = "<group>";
		};
		13B6A1B11C255B070087649C /* Entity */ = {
			isa = PBXGroup;
			children = (
				91BE0E5E210860450001F848 /* Tiles */,
				91D64E411E71C5860081C17C /* Item */,
				9122FA421D61ABD200F92958 /* Building */,
				13B6A1B31C255C940087649C /* Tile.swift */,
				130AFEAE1D0494B1002F266D /* Button.swift */,
			);
			path = Entity;
			sourceTree = "<group>";
		};
		13B6A1B21C255B110087649C /* Component */ = {
			isa = PBXGroup;
			children = (
				91DF14CE1C2A958D003E813F /* PositionComponent.swift */,
				13B6A1B51C255D8E0087649C /* SpriteComponent.swift */,
				914667E01C5937D800560251 /* TouchableSpriteComponent.swift */,
				13CCF1561C34088D00297EF3 /* SpriteDebugComponent.swift */,
				137F2E151CDF8D4600665C17 /* DraggableSpriteComponent.swift */,
				911FB1CE213D549700ABBD41 /* Item */,
				911FB1CF213D54A800ABBD41 /* Room */,
				9119835D1E72D3D100E6D2A2 /* UseableComponent.swift */,
			);
			path = Component;
			sourceTree = "<group>";
		};
		13C765231BF61B2D00AC0223 = {
			isa = PBXGroup;
			children = (
				13C7652E1BF61B2D00AC0223 /* Hospital Demo */,
				13C7652D1BF61B2D00AC0223 /* Products */,
				354E56E916C56E37C6A5AFBD /* Pods */,
				91265AAD5277270947FAC984 /* Frameworks */,
			);
			indentWidth = 2;
			sourceTree = "<group>";
			tabWidth = 2;
		};
		13C7652D1BF61B2D00AC0223 /* Products */ = {
			isa = PBXGroup;
			children = (
				13C7652C1BF61B2D00AC0223 /* Hospital Demo.app */,
			);
			name = Products;
			sourceTree = "<group>";
		};
		13C7652E1BF61B2D00AC0223 /* Hospital Demo */ = {
			isa = PBXGroup;
			children = (
				9189683E1E8B9FFD005EB38D /* Utils */,
				9159B8C3211B0AE600C8CC2F /* Definitions */,
				91158CBA1D47C94600CD423D /* Manager */,
				13B6A1B11C255B070087649C /* Entity */,
				13B6A1B21C255B110087649C /* Component */,
				136FA1881BFBCBB90086F545 /* Scenes */,
				13B223001C6407D300567B0E /* Game.swift */,
				9163E2422109B93D00602C2D /* Game.Tile.swift */,
				13B6032B1C69320B00A65E7F /* States */,
				13C7652F1BF61B2D00AC0223 /* AppDelegate.swift */,
				13C765331BF61B2D00AC0223 /* GameScene.swift */,
				13A5F5CD1C0A587F0013D478 /* GameScene.sks */,
				13C765351BF61B2D00AC0223 /* GameViewController.swift */,
				13C765371BF61B2D00AC0223 /* Main.storyboard */,
				13C7653A1BF61B2D00AC0223 /* Assets.xcassets */,
				91ED91961D01A34300A9D536 /* Graphics */,
				13C7653C1BF61B2D00AC0223 /* LaunchScreen.storyboard */,
				13C7653F1BF61B2D00AC0223 /* Info.plist */,
			);
			path = "Hospital Demo";
			sourceTree = "<group>";
		};
		13DFA1771C65ECB5003289E9 /* Elements */ = {
			isa = PBXGroup;
			children = (
				91C25B322098D08700E72865 /* Protocols */,
				13DFA1781C65ECE8003289E9 /* GameToolbar.swift */,
				91F72CF21DC9E00E00210C71 /* ConfirmToolbar.swift */,
				91494DE41F87D8BF00817B45 /* DebugToolbar.swift */,
				919232DA2087AE5F003A31A0 /* Menu.swift */,
				912CBCFA2088BDA900CAE400 /* ItemMenu.swift */,
			);
			path = Elements;
			sourceTree = "<group>";
		};
		354E56E916C56E37C6A5AFBD /* Pods */ = {
			isa = PBXGroup;
			children = (
				6E729F281F280152765F1F6C /* Pods-Hospital Demo.debug.xcconfig */,
				ABE58657E036ED2E7C7C0A00 /* Pods-Hospital Demo.release.xcconfig */,
			);
			name = Pods;
			sourceTree = "<group>";
		};
		91158CBA1D47C94600CD423D /* Manager */ = {
			isa = PBXGroup;
			children = (
				9169815C211624A800B885AF /* ItemManager.swift */,
				13CCF1541C2F47FF00297EF3 /* EntityManager.swift */,
				9175E2D21D47CACE0026BA8F /* zPositionManager.swift */,
				91F052651DD35031002F8B19 /* ToolbarManager.swift */,
				919232D82087AD3A003A31A0 /* MenuManager.swift */,
			);
			path = Manager;
			sourceTree = "<group>";
		};
		911FB1CE213D549700ABBD41 /* Item */ = {
			isa = PBXGroup;
			children = (
				91C3E3561C6BB1E900E8CBD8 /* ItemBlueprintComponent.swift */,
				91F7F0E61D2FDA2D00331878 /* BuildItemComponent.swift */,
				911FB1CC213D547F00ABBD41 /* ItemSpecComponent.swift */,
			);
			path = Item;
			sourceTree = "<group>";
		};
		911FB1CF213D54A800ABBD41 /* Room */ = {
			isa = PBXGroup;
			children = (
				9122FA431D61AC4000F92958 /* RoomBlueprintComponent.swift */,
				13388CF31D57B6C50080234A /* BuildRoomComponent.swift */,
			);
			path = Room;
			sourceTree = "<group>";
		};
		9122FA421D61ABD200F92958 /* Building */ = {
			isa = PBXGroup;
			children = (
				13388CF11D5672190080234A /* Room.swift */,
			);
			path = Building;
			sourceTree = "<group>";
		};
		91265AAD5277270947FAC984 /* Frameworks */ = {
			isa = PBXGroup;
			children = (
				95B62B8019555C808D93D325 /* Pods_Hospital_Demo.framework */,
			);
			name = Frameworks;
			sourceTree = "<group>";
		};
		9159B8C3211B0AE600C8CC2F /* Definitions */ = {
			isa = PBXGroup;
			children = (
				9159B8C4211B0B3900C8CC2F /* ItemDefinitions.swift */,
			);
			path = Definitions;
			sourceTree = "<group>";
		};
		9189683E1E8B9FFD005EB38D /* Utils */ = {
			isa = PBXGroup;
			children = (
				9189683F1E8BA06B005EB38D /* Convert.swift */,
			);
			path = Utils;
			sourceTree = "<group>";
		};
		91BE0E5E210860450001F848 /* Tiles */ = {
			isa = PBXGroup;
			children = (
			);
			path = Tiles;
			sourceTree = "<group>";
		};
		91C25B322098D08700E72865 /* Protocols */ = {
			isa = PBXGroup;
			children = (
				91C25B332098D0DC00E72865 /* MenuProtocol.swift */,
				9161209020EA87BF003705BF /* ToolbarProtocol.swift */,
			);
			path = Protocols;
			sourceTree = "<group>";
		};
		91C836811C64991A008ECABF /* GameStates */ = {
			isa = PBXGroup;
			children = (
				91C836821C649978008ECABF /* GameState.swift */,
				13DFA17A1C6806F4003289E9 /* BuildItemState.swift */,
				13CBAB631D6A0CBB004561CB /* BuildRoomState.swift */,
				91E4F98C21119A6F008747D2 /* StateProtocols.swift */,
			);
			path = GameStates;
			sourceTree = "<group>";
		};
		91D64E411E71C5860081C17C /* Item */ = {
			isa = PBXGroup;
			children = (
				13B6032C1C6935D700A65E7F /* ReceptionDesk.swift */,
				914650CD1E729E6B00DBF123 /* Door.swift */,
			);
			path = Item;
			sourceTree = "<group>";
		};
		91EEAE2D1E93BB1F001C4AC1 /* ItemStates */ = {
			isa = PBXGroup;
			children = (
				91EEAE2E1E93BB7F001C4AC1 /* DoorState.swift */,
			);
			path = ItemStates;
			sourceTree = "<group>";
		};
/* End PBXGroup section */

/* Begin PBXNativeTarget section */
		13C7652B1BF61B2D00AC0223 /* Hospital Demo */ = {
			isa = PBXNativeTarget;
			buildConfigurationList = 13C765421BF61B2D00AC0223 /* Build configuration list for PBXNativeTarget "Hospital Demo" */;
			buildPhases = (
				997788AF31539E360D8F42EB /* [CP] Check Pods Manifest.lock */,
				13C765281BF61B2D00AC0223 /* Sources */,
				13C765291BF61B2D00AC0223 /* Frameworks */,
				13C7652A1BF61B2D00AC0223 /* Resources */,
				12FE9B68AB3B4BB287138B7D /* [CP] Embed Pods Frameworks */,
				08C3733D0E47572E08E696A6 /* [CP] Copy Pods Resources */,
			);
			buildRules = (
			);
			dependencies = (
			);
			name = "Hospital Demo";
			productName = "Hospital Demo";
			productReference = 13C7652C1BF61B2D00AC0223 /* Hospital Demo.app */;
			productType = "com.apple.product-type.application";
		};
/* End PBXNativeTarget section */

/* Begin PBXProject section */
		13C765241BF61B2D00AC0223 /* Project object */ = {
			isa = PBXProject;
			attributes = {
				LastSwiftUpdateCheck = 0710;
				LastUpgradeCheck = 0940;
				ORGANIZATIONNAME = "Ben Hutton";
				TargetAttributes = {
					13C7652B1BF61B2D00AC0223 = {
						CreatedOnToolsVersion = 7.1.1;
						LastSwiftMigration = 0920;
					};
				};
			};
			buildConfigurationList = 13C765271BF61B2D00AC0223 /* Build configuration list for PBXProject "Hospital Demo" */;
			compatibilityVersion = "Xcode 8.0";
			developmentRegion = English;
			hasScannedForEncodings = 0;
			knownRegions = (
				en,
				Base,
			);
			mainGroup = 13C765231BF61B2D00AC0223;
			productRefGroup = 13C7652D1BF61B2D00AC0223 /* Products */;
			projectDirPath = "";
			projectRoot = "";
			targets = (
				13C7652B1BF61B2D00AC0223 /* Hospital Demo */,
			);
		};
/* End PBXProject section */

/* Begin PBXResourcesBuildPhase section */
		13C7652A1BF61B2D00AC0223 /* Resources */ = {
			isa = PBXResourcesBuildPhase;
			buildActionMask = 2147483647;
			files = (
				13C7653E1BF61B2D00AC0223 /* LaunchScreen.storyboard in Resources */,
				13A5F5CE1C0A587F0013D478 /* GameScene.sks in Resources */,
				13C7653B1BF61B2D00AC0223 /* Assets.xcassets in Resources */,
				13C765391BF61B2D00AC0223 /* Main.storyboard in Resources */,
				91ED91971D01A34300A9D536 /* Graphics in Resources */,
			);
			runOnlyForDeploymentPostprocessing = 0;
		};
/* End PBXResourcesBuildPhase section */

/* Begin PBXShellScriptBuildPhase section */
		08C3733D0E47572E08E696A6 /* [CP] Copy Pods Resources */ = {
			isa = PBXShellScriptBuildPhase;
			buildActionMask = 2147483647;
			files = (
			);
			inputPaths = (
			);
			name = "[CP] Copy Pods Resources";
			outputPaths = (
			);
			runOnlyForDeploymentPostprocessing = 0;
			shellPath = /bin/sh;
			shellScript = "\"${SRCROOT}/Pods/Target Support Files/Pods-Hospital Demo/Pods-Hospital Demo-resources.sh\"\n";
			showEnvVarsInLog = 0;
		};
		12FE9B68AB3B4BB287138B7D /* [CP] Embed Pods Frameworks */ = {
			isa = PBXShellScriptBuildPhase;
			buildActionMask = 2147483647;
			files = (
			);
			inputPaths = (
			);
			name = "[CP] Embed Pods Frameworks";
			outputPaths = (
			);
			runOnlyForDeploymentPostprocessing = 0;
			shellPath = /bin/sh;
			shellScript = "\"${SRCROOT}/Pods/Target Support Files/Pods-Hospital Demo/Pods-Hospital Demo-frameworks.sh\"\n";
			showEnvVarsInLog = 0;
		};
		997788AF31539E360D8F42EB /* [CP] Check Pods Manifest.lock */ = {
			isa = PBXShellScriptBuildPhase;
			buildActionMask = 2147483647;
			files = (
			);
			inputPaths = (
			);
			name = "[CP] Check Pods Manifest.lock";
			outputPaths = (
			);
			runOnlyForDeploymentPostprocessing = 0;
			shellPath = /bin/sh;
			shellScript = "diff \"${PODS_ROOT}/../Podfile.lock\" \"${PODS_ROOT}/Manifest.lock\" > /dev/null\nif [ $? != 0 ] ; then\n    # print error to STDERR\n    echo \"error: The sandbox is not in sync with the Podfile.lock. Run 'pod install' or update your CocoaPods installation.\" >&2\n    exit 1\nfi\n";
			showEnvVarsInLog = 0;
		};
/* End PBXShellScriptBuildPhase section */

/* Begin PBXSourcesBuildPhase section */
		13C765281BF61B2D00AC0223 /* Sources */ = {
			isa = PBXSourcesBuildPhase;
			buildActionMask = 2147483647;
			files = (
				13C765341BF61B2D00AC0223 /* GameScene.swift in Sources */,
				9161209120EA87BF003705BF /* ToolbarProtocol.swift in Sources */,
				91494DE51F87D8BF00817B45 /* DebugToolbar.swift in Sources */,
				13DFA17B1C6806F4003289E9 /* BuildItemState.swift in Sources */,
				13C765361BF61B2D00AC0223 /* GameViewController.swift in Sources */,
				9163E2432109B93D00602C2D /* Game.Tile.swift in Sources */,
				91C836831C649978008ECABF /* GameState.swift in Sources */,
				91E4F98D21119A6F008747D2 /* StateProtocols.swift in Sources */,
				918968401E8BA06B005EB38D /* Convert.swift in Sources */,
				137F2E161CDF8D4600665C17 /* DraggableSpriteComponent.swift in Sources */,
				9119835E1E72D3D100E6D2A2 /* UseableComponent.swift in Sources */,
				91F7F0E71D2FDA2D00331878 /* BuildItemComponent.swift in Sources */,
				91C25B342098D0DC00E72865 /* MenuProtocol.swift in Sources */,
				13B6A1B41C255C940087649C /* Tile.swift in Sources */,
				130AFEAF1D0494B1002F266D /* Button.swift in Sources */,
				9169815D211624A800B885AF /* ItemManager.swift in Sources */,
				912CBCFB2088BDA900CAE400 /* ItemMenu.swift in Sources */,
				13C765301BF61B2D00AC0223 /* AppDelegate.swift in Sources */,
				91DF14CF1C2A958D003E813F /* PositionComponent.swift in Sources */,
				9159B8C5211B0B3900C8CC2F /* ItemDefinitions.swift in Sources */,
				13B6A1B61C255D8E0087649C /* SpriteComponent.swift in Sources */,
				9175E2D31D47CACE0026BA8F /* zPositionManager.swift in Sources */,
				13B223011C6407D300567B0E /* Game.swift in Sources */,
				13388CF41D57B6C50080234A /* BuildRoomComponent.swift in Sources */,
				9122FA441D61AC4000F92958 /* RoomBlueprintComponent.swift in Sources */,
				914667E11C5937D800560251 /* TouchableSpriteComponent.swift in Sources */,
				13CCF1551C2F47FF00297EF3 /* EntityManager.swift in Sources */,
				13DFA1791C65ECE8003289E9 /* GameToolbar.swift in Sources */,
				136FA18A1BFBCBDC0086F545 /* BaseScene.swift in Sources */,
				91F72CF31DC9E00E00210C71 /* ConfirmToolbar.swift in Sources */,
				13B6032D1C6935D700A65E7F /* ReceptionDesk.swift in Sources */,
				91EEAE2F1E93BB7F001C4AC1 /* DoorState.swift in Sources */,
				13CCF1571C34088D00297EF3 /* SpriteDebugComponent.swift in Sources */,
				914650CE1E729E6B00DBF123 /* Door.swift in Sources */,
				919232DB2087AE5F003A31A0 /* Menu.swift in Sources */,
				911FB1CD213D547F00ABBD41 /* ItemSpecComponent.swift in Sources */,
				13CBAB641D6A0CBB004561CB /* BuildRoomState.swift in Sources */,
				919232D92087AD3A003A31A0 /* MenuManager.swift in Sources */,
				91F052661DD35031002F8B19 /* ToolbarManager.swift in Sources */,
				91C3E3571C6BB1E900E8CBD8 /* ItemBlueprintComponent.swift in Sources */,
				13388CF21D5672190080234A /* Room.swift in Sources */,
			);
			runOnlyForDeploymentPostprocessing = 0;
		};
/* End PBXSourcesBuildPhase section */

/* Begin PBXVariantGroup section */
		13C765371BF61B2D00AC0223 /* Main.storyboard */ = {
			isa = PBXVariantGroup;
			children = (
				13C765381BF61B2D00AC0223 /* Base */,
			);
			name = Main.storyboard;
			sourceTree = "<group>";
		};
		13C7653C1BF61B2D00AC0223 /* LaunchScreen.storyboard */ = {
			isa = PBXVariantGroup;
			children = (
				13C7653D1BF61B2D00AC0223 /* Base */,
			);
			name = LaunchScreen.storyboard;
			sourceTree = "<group>";
		};
/* End PBXVariantGroup section */

/* Begin XCBuildConfiguration section */
		13C765401BF61B2D00AC0223 /* Debug */ = {
			isa = XCBuildConfiguration;
			buildSettings = {
				ALWAYS_SEARCH_USER_PATHS = NO;
				CLANG_CXX_LANGUAGE_STANDARD = "gnu++0x";
				CLANG_CXX_LIBRARY = "libc++";
				CLANG_ENABLE_MODULES = YES;
				CLANG_ENABLE_OBJC_ARC = YES;
				CLANG_WARN_BLOCK_CAPTURE_AUTORELEASING = YES;
				CLANG_WARN_BOOL_CONVERSION = YES;
				CLANG_WARN_COMMA = YES;
				CLANG_WARN_CONSTANT_CONVERSION = YES;
				CLANG_WARN_DEPRECATED_OBJC_IMPLEMENTATIONS = YES;
				CLANG_WARN_DIRECT_OBJC_ISA_USAGE = YES_ERROR;
				CLANG_WARN_EMPTY_BODY = YES;
				CLANG_WARN_ENUM_CONVERSION = YES;
				CLANG_WARN_INFINITE_RECURSION = YES;
				CLANG_WARN_INT_CONVERSION = YES;
				CLANG_WARN_NON_LITERAL_NULL_CONVERSION = YES;
				CLANG_WARN_OBJC_IMPLICIT_RETAIN_SELF = YES;
				CLANG_WARN_OBJC_LITERAL_CONVERSION = YES;
				CLANG_WARN_OBJC_ROOT_CLASS = YES_ERROR;
				CLANG_WARN_RANGE_LOOP_ANALYSIS = YES;
				CLANG_WARN_STRICT_PROTOTYPES = YES;
				CLANG_WARN_SUSPICIOUS_MOVE = YES;
				CLANG_WARN_UNREACHABLE_CODE = YES;
				CLANG_WARN__DUPLICATE_METHOD_MATCH = YES;
				"CODE_SIGN_IDENTITY[sdk=iphoneos*]" = "iPhone Developer";
				COPY_PHASE_STRIP = NO;
				DEBUG_INFORMATION_FORMAT = "dwarf-with-dsym";
				ENABLE_STRICT_OBJC_MSGSEND = YES;
				ENABLE_TESTABILITY = YES;
				GCC_C_LANGUAGE_STANDARD = gnu99;
				GCC_DYNAMIC_NO_PIC = NO;
				GCC_NO_COMMON_BLOCKS = YES;
				GCC_OPTIMIZATION_LEVEL = 0;
				GCC_PREPROCESSOR_DEFINITIONS = (
					"DEBUG=1",
					"$(inherited)",
				);
				GCC_WARN_64_TO_32_BIT_CONVERSION = YES;
				GCC_WARN_ABOUT_RETURN_TYPE = YES_ERROR;
				GCC_WARN_UNDECLARED_SELECTOR = YES;
				GCC_WARN_UNINITIALIZED_AUTOS = YES_AGGRESSIVE;
				GCC_WARN_UNUSED_FUNCTION = YES;
				GCC_WARN_UNUSED_VARIABLE = YES;
				IPHONEOS_DEPLOYMENT_TARGET = 11.2;
				MTL_ENABLE_DEBUG_INFO = YES;
				ONLY_ACTIVE_ARCH = YES;
				SDKROOT = iphoneos;
				SWIFT_OPTIMIZATION_LEVEL = "-Onone";
				SWIFT_VERSION = 4.0;
				TARGETED_DEVICE_FAMILY = "1,2";
			};
			name = Debug;
		};
		13C765411BF61B2D00AC0223 /* Release */ = {
			isa = XCBuildConfiguration;
			buildSettings = {
				ALWAYS_SEARCH_USER_PATHS = NO;
				CLANG_CXX_LANGUAGE_STANDARD = "gnu++0x";
				CLANG_CXX_LIBRARY = "libc++";
				CLANG_ENABLE_MODULES = YES;
				CLANG_ENABLE_OBJC_ARC = YES;
				CLANG_WARN_BLOCK_CAPTURE_AUTORELEASING = YES;
				CLANG_WARN_BOOL_CONVERSION = YES;
				CLANG_WARN_COMMA = YES;
				CLANG_WARN_CONSTANT_CONVERSION = YES;
				CLANG_WARN_DEPRECATED_OBJC_IMPLEMENTATIONS = YES;
				CLANG_WARN_DIRECT_OBJC_ISA_USAGE = YES_ERROR;
				CLANG_WARN_EMPTY_BODY = YES;
				CLANG_WARN_ENUM_CONVERSION = YES;
				CLANG_WARN_INFINITE_RECURSION = YES;
				CLANG_WARN_INT_CONVERSION = YES;
				CLANG_WARN_NON_LITERAL_NULL_CONVERSION = YES;
				CLANG_WARN_OBJC_IMPLICIT_RETAIN_SELF = YES;
				CLANG_WARN_OBJC_LITERAL_CONVERSION = YES;
				CLANG_WARN_OBJC_ROOT_CLASS = YES_ERROR;
				CLANG_WARN_RANGE_LOOP_ANALYSIS = YES;
				CLANG_WARN_STRICT_PROTOTYPES = YES;
				CLANG_WARN_SUSPICIOUS_MOVE = YES;
				CLANG_WARN_UNREACHABLE_CODE = YES;
				CLANG_WARN__DUPLICATE_METHOD_MATCH = YES;
				"CODE_SIGN_IDENTITY[sdk=iphoneos*]" = "iPhone Developer";
				COPY_PHASE_STRIP = NO;
				DEBUG_INFORMATION_FORMAT = "dwarf-with-dsym";
				ENABLE_NS_ASSERTIONS = NO;
				ENABLE_STRICT_OBJC_MSGSEND = YES;
				GCC_C_LANGUAGE_STANDARD = gnu99;
				GCC_NO_COMMON_BLOCKS = YES;
				GCC_WARN_64_TO_32_BIT_CONVERSION = YES;
				GCC_WARN_ABOUT_RETURN_TYPE = YES_ERROR;
				GCC_WARN_UNDECLARED_SELECTOR = YES;
				GCC_WARN_UNINITIALIZED_AUTOS = YES_AGGRESSIVE;
				GCC_WARN_UNUSED_FUNCTION = YES;
				GCC_WARN_UNUSED_VARIABLE = YES;
				IPHONEOS_DEPLOYMENT_TARGET = 11.2;
				MTL_ENABLE_DEBUG_INFO = NO;
				SDKROOT = iphoneos;
				SWIFT_OPTIMIZATION_LEVEL = "-Owholemodule";
				SWIFT_VERSION = 4.0;
				TARGETED_DEVICE_FAMILY = "1,2";
				VALIDATE_PRODUCT = YES;
			};
			name = Release;
		};
		13C765431BF61B2D00AC0223 /* Debug */ = {
			isa = XCBuildConfiguration;
			baseConfigurationReference = 6E729F281F280152765F1F6C /* Pods-Hospital Demo.debug.xcconfig */;
			buildSettings = {
				ALWAYS_EMBED_SWIFT_STANDARD_LIBRARIES = "$(inherited)";
				ASSETCATALOG_COMPILER_APPICON_NAME = AppIcon;
				CODE_SIGN_IDENTITY = "iPhone Developer";
				"CODE_SIGN_IDENTITY[sdk=iphoneos*]" = "iPhone Developer";
				DEVELOPMENT_TEAM = PF4KKVLGFM;
				INFOPLIST_FILE = "Hospital Demo/Info.plist";
				IPHONEOS_DEPLOYMENT_TARGET = 11.2;
				LD_RUNPATH_SEARCH_PATHS = "$(inherited) @executable_path/Frameworks";
				PRODUCT_BUNDLE_IDENTIFIER = "Relequestual.Hospital-Demo";
				PRODUCT_NAME = "$(TARGET_NAME)";
				PROVISIONING_PROFILE = "";
				SWIFT_SWIFT3_OBJC_INFERENCE = Default;
				SWIFT_VERSION = 4.0;
			};
			name = Debug;
		};
		13C765441BF61B2D00AC0223 /* Release */ = {
			isa = XCBuildConfiguration;
			baseConfigurationReference = ABE58657E036ED2E7C7C0A00 /* Pods-Hospital Demo.release.xcconfig */;
			buildSettings = {
				ALWAYS_EMBED_SWIFT_STANDARD_LIBRARIES = "$(inherited)";
				ASSETCATALOG_COMPILER_APPICON_NAME = AppIcon;
				CODE_SIGN_IDENTITY = "iPhone Developer";
				"CODE_SIGN_IDENTITY[sdk=iphoneos*]" = "iPhone Developer";
				DEVELOPMENT_TEAM = PF4KKVLGFM;
				INFOPLIST_FILE = "Hospital Demo/Info.plist";
				IPHONEOS_DEPLOYMENT_TARGET = 11.2;
				LD_RUNPATH_SEARCH_PATHS = "$(inherited) @executable_path/Frameworks";
				PRODUCT_BUNDLE_IDENTIFIER = "Relequestual.Hospital-Demo";
				PRODUCT_NAME = "$(TARGET_NAME)";
				PROVISIONING_PROFILE = "";
				SWIFT_SWIFT3_OBJC_INFERENCE = Default;
				SWIFT_VERSION = 4.0;
			};
			name = Release;
		};
/* End XCBuildConfiguration section */

/* Begin XCConfigurationList section */
		13C765271BF61B2D00AC0223 /* Build configuration list for PBXProject "Hospital Demo" */ = {
			isa = XCConfigurationList;
			buildConfigurations = (
				13C765401BF61B2D00AC0223 /* Debug */,
				13C765411BF61B2D00AC0223 /* Release */,
			);
			defaultConfigurationIsVisible = 0;
			defaultConfigurationName = Release;
		};
		13C765421BF61B2D00AC0223 /* Build configuration list for PBXNativeTarget "Hospital Demo" */ = {
			isa = XCConfigurationList;
			buildConfigurations = (
				13C765431BF61B2D00AC0223 /* Debug */,
				13C765441BF61B2D00AC0223 /* Release */,
			);
			defaultConfigurationIsVisible = 0;
			defaultConfigurationName = Release;
		};
/* End XCConfigurationList section */
	};
	rootObject = 13C765241BF61B2D00AC0223 /* Project object */;
}
